
Microsoft Visual Studio Solution File, Format Version 12.00
# Visual Studio Version 17
VisualStudioVersion = 17.7.34202.233
MinimumVisualStudioVersion = 10.0.40219.1
Project("{FAE04EC0-301F-11D3-BF4B-00C04F79EFBC}") = "PC_PartsReview_Website.Server", "Server\PC_PartsReview_Website.Server.csproj", "{4F1ADE85-384E-4364-84CA-026E7338362B}"
EndProject
Project("{FAE04EC0-301F-11D3-BF4B-00C04F79EFBC}") = "PC_PartsReview_Website.Client", "Client\PC_PartsReview_Website.Client.csproj", "{D1D7A1AF-C4C7-4E25-8EEA-30AA957E060F}"
EndProject
Project("{FAE04EC0-301F-11D3-BF4B-00C04F79EFBC}") = "PC_PartsReview_Website.Shared", "Shared\PC_PartsReview_Website.Shared.csproj", "{C913FC43-B968-4D04-893F-241128E3B786}"
EndProject
Global
	GlobalSection(SolutionConfigurationPlatforms) = preSolution
		Debug|Any CPU = Debug|Any CPU
		Release|Any CPU = Release|Any CPU
	EndGlobalSection
	GlobalSection(ProjectConfigurationPlatforms) = postSolution
		{4F1ADE85-384E-4364-84CA-026E7338362B}.Debug|Any CPU.ActiveCfg = Debug|Any CPU
		{4F1ADE85-384E-4364-84CA-026E7338362B}.Debug|Any CPU.Build.0 = Debug|Any CPU
		{4F1ADE85-384E-4364-84CA-026E7338362B}.Release|Any CPU.ActiveCfg = Release|Any CPU
		{4F1ADE85-384E-4364-84CA-026E7338362B}.Release|Any CPU.Build.0 = Release|Any CPU
		{D1D7A1AF-C4C7-4E25-8EEA-30AA957E060F}.Debug|Any CPU.ActiveCfg = Debug|Any CPU
		{D1D7A1AF-C4C7-4E25-8EEA-30AA957E060F}.Debug|Any CPU.Build.0 = Debug|Any CPU
		{D1D7A1AF-C4C7-4E25-8EEA-30AA957E060F}.Release|Any CPU.ActiveCfg = Release|Any CPU
		{D1D7A1AF-C4C7-4E25-8EEA-30AA957E060F}.Release|Any CPU.Build.0 = Release|Any CPU
		{C913FC43-B968-4D04-893F-241128E3B786}.Debug|Any CPU.ActiveCfg = Debug|Any CPU
		{C913FC43-B968-4D04-893F-241128E3B786}.Debug|Any CPU.Build.0 = Debug|Any CPU
		{C913FC43-B968-4D04-893F-241128E3B786}.Release|Any CPU.ActiveCfg = Release|Any CPU
		{C913FC43-B968-4D04-893F-241128E3B786}.Release|Any CPU.Build.0 = Release|Any CPU
	EndGlobalSection
	GlobalSection(SolutionProperties) = preSolution
		HideSolutionNode = FALSE
	EndGlobalSection
	GlobalSection(ExtensibilityGlobals) = postSolution
		SolutionGuid = {62165F39-B7C2-44FF-8B46-0003A9B42B49}
	EndGlobalSection
EndGlobal
